
Microsoft Visual Studio Solution File, Format Version 12.00
# Visual Studio Version 17
VisualStudioVersion = 17.11.35327.3
MinimumVisualStudioVersion = 10.0.40219.1
Project("{9A19103F-16F7-4668-BE54-9A1E7A4F7556}") = "Integration-SciOps", "Integration-SciOps\Integration-SciOps.csproj", "{424DA993-23ED-4901-B412-EA6CF4FE88A5}"
EndProject
Project("{E53339B2-1760-4266-BCC7-CA923CBCF16C}") = "docker-compose", "docker-compose.dcproj", "{CD1E6092-AF7D-4B78-A9C2-6B61E2160C76}"
EndProject
Global
	GlobalSection(SolutionConfigurationPlatforms) = preSolution
		Debug|Any CPU = Debug|Any CPU
		Release|Any CPU = Release|Any CPU
	EndGlobalSection
	GlobalSection(ProjectConfigurationPlatforms) = postSolution
		{424DA993-23ED-4901-B412-EA6CF4FE88A5}.Debug|Any CPU.ActiveCfg = Debug|Any CPU
		{424DA993-23ED-4901-B412-EA6CF4FE88A5}.Debug|Any CPU.Build.0 = Debug|Any CPU
		{424DA993-23ED-4901-B412-EA6CF4FE88A5}.Release|Any CPU.ActiveCfg = Release|Any CPU
		{424DA993-23ED-4901-B412-EA6CF4FE88A5}.Release|Any CPU.Build.0 = Release|Any CPU
		{CD1E6092-AF7D-4B78-A9C2-6B61E2160C76}.Debug|Any CPU.ActiveCfg = Debug|Any CPU
		{CD1E6092-AF7D-4B78-A9C2-6B61E2160C76}.Debug|Any CPU.Build.0 = Debug|Any CPU
		{CD1E6092-AF7D-4B78-A9C2-6B61E2160C76}.Release|Any CPU.ActiveCfg = Release|Any CPU
		{CD1E6092-AF7D-4B78-A9C2-6B61E2160C76}.Release|Any CPU.Build.0 = Release|Any CPU
	EndGlobalSection
	GlobalSection(SolutionProperties) = preSolution
		HideSolutionNode = FALSE
	EndGlobalSection
	GlobalSection(ExtensibilityGlobals) = postSolution
		SolutionGuid = {D3609766-FE3D-40E0-9423-CAFF44E5A85F}
	EndGlobalSection
EndGlobal
